// !$*UTF8*$!
{
	archiveVersion = 1;
	classes = {
	};
	objectVersion = 50;
	objects = {

/* Begin PBXBuildFile section */
		60021D2224631FC800075C83 /* AppDelegate.swift in Sources */ = {isa = PBXBuildFile; fileRef = 60021D2124631FC800075C83 /* AppDelegate.swift */; };
		60021D2424631FC800075C83 /* SceneDelegate.swift in Sources */ = {isa = PBXBuildFile; fileRef = 60021D2324631FC800075C83 /* SceneDelegate.swift */; };
		60021D2624631FC800075C83 /* ViewController.swift in Sources */ = {isa = PBXBuildFile; fileRef = 60021D2524631FC800075C83 /* ViewController.swift */; };
		60021D2924631FC800075C83 /* Main.storyboard in Resources */ = {isa = PBXBuildFile; fileRef = 60021D2724631FC800075C83 /* Main.storyboard */; };
		60021D2B24631FD100075C83 /* Assets.xcassets in Resources */ = {isa = PBXBuildFile; fileRef = 60021D2A24631FD100075C83 /* Assets.xcassets */; };
		60021D2E24631FD100075C83 /* LaunchScreen.storyboard in Resources */ = {isa = PBXBuildFile; fileRef = 60021D2C24631FD100075C83 /* LaunchScreen.storyboard */; };
		60021D362465B0C600075C83 /* Student.swift in Sources */ = {isa = PBXBuildFile; fileRef = 60021D352465B0C600075C83 /* Student.swift */; };
		60021D382465B1D000075C83 /* Students.swift in Sources */ = {isa = PBXBuildFile; fileRef = 60021D372465B1D000075C83 /* Students.swift */; };
		60021D3A2465BDE000075C83 /* Gradient.swift in Sources */ = {isa = PBXBuildFile; fileRef = 60021D392465BDE000075C83 /* Gradient.swift */; };
/* End PBXBuildFile section */

/* Begin PBXFileReference section */
		60021D1E24631FC800075C83 /* Phase1Playground.app */ = {isa = PBXFileReference; explicitFileType = wrapper.application; includeInIndex = 0; path = Phase1Playground.app; sourceTree = BUILT_PRODUCTS_DIR; };
		60021D2124631FC800075C83 /* AppDelegate.swift */ = {isa = PBXFileReference; lastKnownFileType = sourcecode.swift; path = AppDelegate.swift; sourceTree = "<group>"; };
		60021D2324631FC800075C83 /* SceneDelegate.swift */ = {isa = PBXFileReference; lastKnownFileType = sourcecode.swift; path = SceneDelegate.swift; sourceTree = "<group>"; };
		60021D2524631FC800075C83 /* ViewController.swift */ = {isa = PBXFileReference; lastKnownFileType = sourcecode.swift; path = ViewController.swift; sourceTree = "<group>"; };
		60021D2824631FC800075C83 /* Base */ = {isa = PBXFileReference; lastKnownFileType = file.storyboard; name = Base; path = Base.lproj/Main.storyboard; sourceTree = "<group>"; };
		60021D2A24631FD100075C83 /* Assets.xcassets */ = {isa = PBXFileReference; lastKnownFileType = folder.assetcatalog; path = Assets.xcassets; sourceTree = "<group>"; };
		60021D2D24631FD100075C83 /* Base */ = {isa = PBXFileReference; lastKnownFileType = file.storyboard; name = Base; path = Base.lproj/LaunchScreen.storyboard; sourceTree = "<group>"; };
		60021D2F24631FD100075C83 /* Info.plist */ = {isa = PBXFileReference; lastKnownFileType = text.plist.xml; path = Info.plist; sourceTree = "<group>"; };
		60021D352465B0C600075C83 /* Student.swift */ = {isa = PBXFileReference; lastKnownFileType = sourcecode.swift; path = Student.swift; sourceTree = "<group>"; };
		60021D372465B1D000075C83 /* Students.swift */ = {isa = PBXFileReference; lastKnownFileType = sourcecode.swift; path = Students.swift; sourceTree = "<group>"; };
		60021D392465BDE000075C83 /* Gradient.swift */ = {isa = PBXFileReference; lastKnownFileType = sourcecode.swift; path = Gradient.swift; sourceTree = "<group>"; };
/* End PBXFileReference section */

/* Begin PBXFrameworksBuildPhase section */
		60021D1B24631FC800075C83 /* Frameworks */ = {
			isa = PBXFrameworksBuildPhase;
			buildActionMask = 2147483647;
			files = (
			);
			runOnlyForDeploymentPostprocessing = 0;
		};
/* End PBXFrameworksBuildPhase section */

/* Begin PBXGroup section */
		60021D1524631FC800075C83 = {
			isa = PBXGroup;
			children = (
				60021D2024631FC800075C83 /* Phase1Playground */,
				60021D1F24631FC800075C83 /* Products */,
			);
			sourceTree = "<group>";
		};
		60021D1F24631FC800075C83 /* Products */ = {
			isa = PBXGroup;
			children = (
				60021D1E24631FC800075C83 /* Phase1Playground.app */,
			);
			name = Products;
			sourceTree = "<group>";
		};
		60021D2024631FC800075C83 /* Phase1Playground */ = {
			isa = PBXGroup;
			children = (
				60021D2124631FC800075C83 /* AppDelegate.swift */,
				60021D2324631FC800075C83 /* SceneDelegate.swift */,
				60021D2524631FC800075C83 /* ViewController.swift */,
				60021D392465BDE000075C83 /* Gradient.swift */,
				60021D372465B1D000075C83 /* Students.swift */,
				60021D352465B0C600075C83 /* Student.swift */,
				60021D2724631FC800075C83 /* Main.storyboard */,
				60021D2A24631FD100075C83 /* Assets.xcassets */,
				60021D2C24631FD100075C83 /* LaunchScreen.storyboard */,
				60021D2F24631FD100075C83 /* Info.plist */,
			);
			path = Phase1Playground;
			sourceTree = "<group>";
		};
/* End PBXGroup section */

/* Begin PBXNativeTarget section */
		60021D1D24631FC800075C83 /* Phase1Playground */ = {
			isa = PBXNativeTarget;
			buildConfigurationList = 60021D3224631FD100075C83 /* Build configuration list for PBXNativeTarget "Phase1Playground" */;
			buildPhases = (
				60021D1A24631FC800075C83 /* Sources */,
				60021D1B24631FC800075C83 /* Frameworks */,
				60021D1C24631FC800075C83 /* Resources */,
			);
			buildRules = (
			);
			dependencies = (
			);
			name = Phase1Playground;
			productName = Phase1Playground;
			productReference = 60021D1E24631FC800075C83 /* Phase1Playground.app */;
			productType = "com.apple.product-type.application";
		};
/* End PBXNativeTarget section */

/* Begin PBXProject section */
		60021D1624631FC800075C83 /* Project object */ = {
			isa = PBXProject;
			attributes = {
				LastSwiftUpdateCheck = 1130;
				LastUpgradeCheck = 1130;
				ORGANIZATIONNAME = "Mark Witt";
				TargetAttributes = {
					60021D1D24631FC800075C83 = {
						CreatedOnToolsVersion = 11.3.1;
					};
				};
			};
			buildConfigurationList = 60021D1924631FC800075C83 /* Build configuration list for PBXProject "Phase1Playground" */;
			compatibilityVersion = "Xcode 9.3";
			developmentRegion = en;
			hasScannedForEncodings = 0;
			knownRegions = (
				en,
				Base,
			);
			mainGroup = 60021D1524631FC800075C83;
			productRefGroup = 60021D1F24631FC800075C83 /* Products */;
			projectDirPath = "";
			projectRoot = "";
			targets = (
				60021D1D24631FC800075C83 /* Phase1Playground */,
			);
		};
/* End PBXProject section */

/* Begin PBXResourcesBuildPhase section */
		60021D1C24631FC800075C83 /* Resources */ = {
			isa = PBXResourcesBuildPhase;
			buildActionMask = 2147483647;
			files = (
				60021D2E24631FD100075C83 /* LaunchScreen.storyboard in Resources */,
				60021D2B24631FD100075C83 /* Assets.xcassets in Resources */,
				60021D2924631FC800075C83 /* Main.storyboard in Resources */,
			);
			runOnlyForDeploymentPostprocessing = 0;
		};
/* End PBXResourcesBuildPhase section */

/* Begin PBXSourcesBuildPhase section */
		60021D1A24631FC800075C83 /* Sources */ = {
			isa = PBXSourcesBuildPhase;
			buildActionMask = 2147483647;
			files = (
				60021D2624631FC800075C83 /* ViewController.swift in Sources */,
				60021D2224631FC800075C83 /* AppDelegate.swift in Sources */,
				60021D382465B1D000075C83 /* Students.swift in Sources */,
				60021D2424631FC800075C83 /* SceneDelegate.swift in Sources */,
				60021D362465B0C600075C83 /* Student.swift in Sources */,
				60021D3A2465BDE000075C83 /* Gradient.swift in Sources */,
			);
			runOnlyForDeploymentPostprocessing = 0;
		};
/* End PBXSourcesBuildPhase section */

/* Begin PBXVariantGroup section */
		60021D2724631FC800075C83 /* Main.storyboard */ = {
			isa = PBXVariantGroup;
			children = (
				60021D2824631FC800075C83 /* Base */,
			);
			name = Main.storyboard;
			sourceTree = "<group>";
		};
		60021D2C24631FD100075C83 /* LaunchScreen.storyboard */ = {
			isa = PBXVariantGroup;
			children = (
				60021D2D24631FD100075C83 /* Base */,
			);
			name = LaunchScreen.storyboard;
			sourceTree = "<group>";
		};
/* End PBXVariantGroup section */

/* Begin XCBuildConfiguration section */
		60021D3024631FD100075C83 /* Debug */ = {
			isa = XCBuildConfiguration;
			buildSettings = {
				ALWAYS_SEARCH_USER_PATHS = NO;
				CLANG_ANALYZER_NONNULL = YES;
				CLANG_ANALYZER_NUMBER_OBJECT_CONVERSION = YES_AGGRESSIVE;
				CLANG_CXX_LANGUAGE_STANDARD = "gnu++14";
				CLANG_CXX_LIBRARY = "libc++";
				CLANG_ENABLE_MODULES = YES;
				CLANG_ENABLE_OBJC_ARC = YES;
				CLANG_ENABLE_OBJC_WEAK = YES;
				CLANG_WARN_BLOCK_CAPTURE_AUTORELEASING = YES;
				CLANG_WARN_BOOL_CONVERSION = YES;
				CLANG_WARN_COMMA = YES;
				CLANG_WARN_CONSTANT_CONVERSION = YES;
				CLANG_WARN_DEPRECATED_OBJC_IMPLEMENTATIONS = YES;
				CLANG_WARN_DIRECT_OBJC_ISA_USAGE = YES_ERROR;
				CLANG_WARN_DOCUMENTATION_COMMENTS = YES;
				CLANG_WARN_EMPTY_BODY = YES;
				CLANG_WARN_ENUM_CONVERSION = YES;
				CLANG_WARN_INFINITE_RECURSION = YES;
				CLANG_WARN_INT_CONVERSION = YES;
				CLANG_WARN_NON_LITERAL_NULL_CONVERSION = YES;
				CLANG_WARN_OBJC_IMPLICIT_RETAIN_SELF = YES;
				CLANG_WARN_OBJC_LITERAL_CONVERSION = YES;
				CLANG_WARN_OBJC_ROOT_CLASS = YES_ERROR;
				CLANG_WARN_RANGE_LOOP_ANALYSIS = YES;
				CLANG_WARN_STRICT_PROTOTYPES = YES;
				CLANG_WARN_SUSPICIOUS_MOVE = YES;
				CLANG_WARN_UNGUARDED_AVAILABILITY = YES_AGGRESSIVE;
				CLANG_WARN_UNREACHABLE_CODE = YES;
				CLANG_WARN__DUPLICATE_METHOD_MATCH = YES;
				COPY_PHASE_STRIP = NO;
				DEBUG_INFORMATION_FORMAT = dwarf;
				ENABLE_STRICT_OBJC_MSGSEND = YES;
				ENABLE_TESTABILITY = YES;
				GCC_C_LANGUAGE_STANDARD = gnu11;
				GCC_DYNAMIC_NO_PIC = NO;
				GCC_NO_COMMON_BLOCKS = YES;
				GCC_OPTIMIZATION_LEVEL = 0;
				GCC_PREPROCESSOR_DEFINITIONS = (
					"DEBUG=1",
					"$(inherited)",
				);
				GCC_WARN_64_TO_32_BIT_CONVERSION = YES;
				GCC_WARN_ABOUT_RETURN_TYPE = YES_ERROR;
				GCC_WARN_UNDECLARED_SELECTOR = YES;
				GCC_WARN_UNINITIALIZED_AUTOS = YES_AGGRESSIVE;
				GCC_WARN_UNUSED_FUNCTION = YES;
				GCC_WARN_UNUSED_VARIABLE = YES;
				IPHONEOS_DEPLOYMENT_TARGET = 12.4;
				MTL_ENABLE_DEBUG_INFO = INCLUDE_SOURCE;
				MTL_FAST_MATH = YES;
				ONLY_ACTIVE_ARCH = YES;
				SDKROOT = iphoneos;
				SWIFT_ACTIVE_COMPILATION_CONDITIONS = DEBUG;
				SWIFT_OPTIMIZATION_LEVEL = "-Onone";
			};
			name = Debug;
		};
		60021D3124631FD100075C83 /* Release */ = {
			isa = XCBuildConfiguration;
			buildSettings = {
				ALWAYS_SEARCH_USER_PATHS = NO;
				CLANG_ANALYZER_NONNULL = YES;
				CLANG_ANALYZER_NUMBER_OBJECT_CONVERSION = YES_AGGRESSIVE;
				CLANG_CXX_LANGUAGE_STANDARD = "gnu++14";
				CLANG_CXX_LIBRARY = "libc++";
				CLANG_ENABLE_MODULES = YES;
				CLANG_ENABLE_OBJC_ARC = YES;
				CLANG_ENABLE_OBJC_WEAK = YES;
				CLANG_WARN_BLOCK_CAPTURE_AUTORELEASING = YES;
				CLANG_WARN_BOOL_CONVERSION = YES;
				CLANG_WARN_COMMA = YES;
				CLANG_WARN_CONSTANT_CONVERSION = YES;
				CLANG_WARN_DEPRECATED_OBJC_IMPLEMENTATIONS = YES;
				CLANG_WARN_DIRECT_OBJC_ISA_USAGE = YES_ERROR;
				CLANG_WARN_DOCUMENTATION_COMMENTS = YES;
				CLANG_WARN_EMPTY_BODY = YES;
				CLANG_WARN_ENUM_CONVERSION = YES;
				CLANG_WARN_INFINITE_RECURSION = YES;
				CLANG_WARN_INT_CONVERSION = YES;
				CLANG_WARN_NON_LITERAL_NULL_CONVERSION = YES;
				CLANG_WARN_OBJC_IMPLICIT_RETAIN_SELF = YES;
				CLANG_WARN_OBJC_LITERAL_CONVERSION = YES;
				CLANG_WARN_OBJC_ROOT_CLASS = YES_ERROR;
				CLANG_WARN_RANGE_LOOP_ANALYSIS = YES;
				CLANG_WARN_STRICT_PROTOTYPES = YES;
				CLANG_WARN_SUSPICIOUS_MOVE = YES;
				CLANG_WARN_UNGUARDED_AVAILABILITY = YES_AGGRESSIVE;
				CLANG_WARN_UNREACHABLE_CODE = YES;
				CLANG_WARN__DUPLICATE_METHOD_MATCH = YES;
				COPY_PHASE_STRIP = NO;
				DEBUG_INFORMATION_FORMAT = "dwarf-with-dsym";
				ENABLE_NS_ASSERTIONS = NO;
				ENABLE_STRICT_OBJC_MSGSEND = YES;
				GCC_C_LANGUAGE_STANDARD = gnu11;
				GCC_NO_COMMON_BLOCKS = YES;
				GCC_WARN_64_TO_32_BIT_CONVERSION = YES;
				GCC_WARN_ABOUT_RETURN_TYPE = YES_ERROR;
				GCC_WARN_UNDECLARED_SELECTOR = YES;
				GCC_WARN_UNINITIALIZED_AUTOS = YES_AGGRESSIVE;
				GCC_WARN_UNUSED_FUNCTION = YES;
				GCC_WARN_UNUSED_VARIABLE = YES;
				IPHONEOS_DEPLOYMENT_TARGET = 12.4;
				MTL_ENABLE_DEBUG_INFO = NO;
				MTL_FAST_MATH = YES;
				SDKROOT = iphoneos;
				SWIFT_COMPILATION_MODE = wholemodule;
				SWIFT_OPTIMIZATION_LEVEL = "-O";
				VALIDATE_PRODUCT = YES;
			};
			name = Release;
		};
		60021D3324631FD100075C83 /* Debug */ = {
			isa = XCBuildConfiguration;
			buildSettings = {
				ASSETCATALOG_COMPILER_APPICON_NAME = AppIcon;
				CODE_SIGN_STYLE = Automatic;
				DEVELOPMENT_TEAM = JA64VSVNBK;
				INFOPLIST_FILE = Phase1Playground/Info.plist;
				LD_RUNPATH_SEARCH_PATHS = (
					"$(inherited)",
					"@executable_path/Frameworks",
				);
				PRODUCT_BUNDLE_IDENTIFIER = MSW.Phase1Playground;
				PRODUCT_NAME = "$(TARGET_NAME)";
				SWIFT_VERSION = 5.0;
				TARGETED_DEVICE_FAMILY = "1,2";
			};
			name = Debug;
		};
		60021D3424631FD100075C83 /* Release */ = {
			isa = XCBuildConfiguration;
			buildSettings = {
				ASSETCATALOG_COMPILER_APPICON_NAME = AppIcon;
				CODE_SIGN_STYLE = Automatic;
				DEVELOPMENT_TEAM = JA64VSVNBK;
				INFOPLIST_FILE = Phase1Playground/Info.plist;
				LD_RUNPATH_SEARCH_PATHS = (
					"$(inherited)",
					"@executable_path/Frameworks",
				);
				PRODUCT_BUNDLE_IDENTIFIER = MSW.Phase1Playground;
				PRODUCT_NAME = "$(TARGET_NAME)";
				SWIFT_VERSION = 5.0;
				TARGETED_DEVICE_FAMILY = "1,2";
			};
			name = Release;
		};
/* End XCBuildConfiguration section */

/* Begin XCConfigurationList section */
		60021D1924631FC800075C83 /* Build configuration list for PBXProject "Phase1Playground" */ = {
			isa = XCConfigurationList;
			buildConfigurations = (
				60021D3024631FD100075C83 /* Debug */,
				60021D3124631FD100075C83 /* Release */,
			);
			defaultConfigurationIsVisible = 0;
			defaultConfigurationName = Release;
		};
		60021D3224631FD100075C83 /* Build configuration list for PBXNativeTarget "Phase1Playground" */ = {
			isa = XCConfigurationList;
			buildConfigurations = (
				60021D3324631FD100075C83 /* Debug */,
				60021D3424631FD100075C83 /* Release */,
			);
			defaultConfigurationIsVisible = 0;
			defaultConfigurationName = Release;
		};
/* End XCConfigurationList section */
	};
	rootObject = 60021D1624631FC800075C83 /* Project object */;
}
